
Microsoft Visual Studio Solution File, Format Version 12.00
# Visual Studio Version 16
VisualStudioVersion = 16.0.30225.117
MinimumVisualStudioVersion = 10.0.40219.1
Project("{FAE04EC0-301F-11D3-BF4B-00C04F79EFBC}") = "DataAccess", "DataAccess\DataAccess.csproj", "{959B3D22-9342-42C1-B270-C061B4EE248A}"
EndProject
Project("{FAE04EC0-301F-11D3-BF4B-00C04F79EFBC}") = "DomainModels", "DomainModels\DomainModels.csproj", "{17C35AB7-DA73-4261-B110-538D10BF33E4}"
EndProject
Project("{FAE04EC0-301F-11D3-BF4B-00C04F79EFBC}") = "BusinessLogic", "BusinessLogic\BusinessLogic.csproj", "{4F8FE642-449D-43EE-A0A8-ABD37E723202}"
EndProject
Project("{FAE04EC0-301F-11D3-BF4B-00C04F79EFBC}") = "WebApplication", "WebApplication\WebApplication.csproj", "{F2263520-FAC6-4D86-9F9E-CCCFE9BDEB15}"
EndProject
Global
	GlobalSection(SolutionConfigurationPlatforms) = preSolution
		Debug|Any CPU = Debug|Any CPU
		Release|Any CPU = Release|Any CPU
	EndGlobalSection
	GlobalSection(ProjectConfigurationPlatforms) = postSolution
		{959B3D22-9342-42C1-B270-C061B4EE248A}.Debug|Any CPU.ActiveCfg = Debug|Any CPU
		{959B3D22-9342-42C1-B270-C061B4EE248A}.Debug|Any CPU.Build.0 = Debug|Any CPU
		{959B3D22-9342-42C1-B270-C061B4EE248A}.Release|Any CPU.ActiveCfg = Release|Any CPU
		{959B3D22-9342-42C1-B270-C061B4EE248A}.Release|Any CPU.Build.0 = Release|Any CPU
		{17C35AB7-DA73-4261-B110-538D10BF33E4}.Debug|Any CPU.ActiveCfg = Debug|Any CPU
		{17C35AB7-DA73-4261-B110-538D10BF33E4}.Debug|Any CPU.Build.0 = Debug|Any CPU
		{17C35AB7-DA73-4261-B110-538D10BF33E4}.Release|Any CPU.ActiveCfg = Release|Any CPU
		{17C35AB7-DA73-4261-B110-538D10BF33E4}.Release|Any CPU.Build.0 = Release|Any CPU
		{4F8FE642-449D-43EE-A0A8-ABD37E723202}.Debug|Any CPU.ActiveCfg = Debug|Any CPU
		{4F8FE642-449D-43EE-A0A8-ABD37E723202}.Debug|Any CPU.Build.0 = Debug|Any CPU
		{4F8FE642-449D-43EE-A0A8-ABD37E723202}.Release|Any CPU.ActiveCfg = Release|Any CPU
		{4F8FE642-449D-43EE-A0A8-ABD37E723202}.Release|Any CPU.Build.0 = Release|Any CPU
		{F2263520-FAC6-4D86-9F9E-CCCFE9BDEB15}.Debug|Any CPU.ActiveCfg = Debug|Any CPU
		{F2263520-FAC6-4D86-9F9E-CCCFE9BDEB15}.Debug|Any CPU.Build.0 = Debug|Any CPU
		{F2263520-FAC6-4D86-9F9E-CCCFE9BDEB15}.Release|Any CPU.ActiveCfg = Release|Any CPU
		{F2263520-FAC6-4D86-9F9E-CCCFE9BDEB15}.Release|Any CPU.Build.0 = Release|Any CPU
	EndGlobalSection
	GlobalSection(SolutionProperties) = preSolution
		HideSolutionNode = FALSE
	EndGlobalSection
	GlobalSection(ExtensibilityGlobals) = postSolution
		SolutionGuid = {72D54C19-5766-4830-89B6-79569285894C}
	EndGlobalSection
EndGlobal
